
Microsoft Visual Studio Solution File, Format Version 12.00
# Visual Studio Version 17
VisualStudioVersion = 17.5.33530.505
MinimumVisualStudioVersion = 10.0.40219.1
Project("{FAE04EC0-301F-11D3-BF4B-00C04F79EFBC}") = "CSProxyServer", "CSProxyServer\CSProxyServer.csproj", "{B7CB51C1-3EC9-49D4-ABAB-E81936574D80}"
EndProject
Global
	GlobalSection(SolutionConfigurationPlatforms) = preSolution
		Debug|Any CPU = Debug|Any CPU
		Release|Any CPU = Release|Any CPU
	EndGlobalSection
	GlobalSection(ProjectConfigurationPlatforms) = postSolution
		{B7CB51C1-3EC9-49D4-ABAB-E81936574D80}.Debug|Any CPU.ActiveCfg = Debug|Any CPU
		{B7CB51C1-3EC9-49D4-ABAB-E81936574D80}.Debug|Any CPU.Build.0 = Debug|Any CPU
		{B7CB51C1-3EC9-49D4-ABAB-E81936574D80}.Release|Any CPU.ActiveCfg = Release|Any CPU
		{B7CB51C1-3EC9-49D4-ABAB-E81936574D80}.Release|Any CPU.Build.0 = Release|Any CPU
	EndGlobalSection
	GlobalSection(SolutionProperties) = preSolution
		HideSolutionNode = FALSE
	EndGlobalSection
	GlobalSection(ExtensibilityGlobals) = postSolution
		SolutionGuid = {527DD380-D83C-495E-AED7-8A471433A869}
	EndGlobalSection
EndGlobal
